
Microsoft Visual Studio Solution File, Format Version 12.00
# Visual Studio Version 17
VisualStudioVersion = 17.8.34511.84
MinimumVisualStudioVersion = 10.0.40219.1
Project("{9A19103F-16F7-4668-BE54-9A1E7A4F7556}") = "Application", "Application\Application.csproj", "{FBCE56B5-C5CC-421C-9057-72FD620CCAE2}"
EndProject
Project("{9A19103F-16F7-4668-BE54-9A1E7A4F7556}") = "Domain", "Domain\Domain.csproj", "{B93AF31B-EB4D-41C1-94F1-E4BE24D0DE49}"
EndProject
Project("{9A19103F-16F7-4668-BE54-9A1E7A4F7556}") = "Persistence", "Persistence\Persistence.csproj", "{69714B21-2C01-49E5-B084-F466184E2B3B}"
EndProject
Project("{9A19103F-16F7-4668-BE54-9A1E7A4F7556}") = "Infrastructure", "Infrastructure\Infrastructure.csproj", "{A8248EAB-11F3-4A9E-A78E-EBF6C2DAFEDA}"
EndProject
Project("{9A19103F-16F7-4668-BE54-9A1E7A4F7556}") = "API", "API\API.csproj", "{27CEEA83-9697-4033-95FE-A542261AA9FE}"
EndProject
Project("{FAE04EC0-301F-11D3-BF4B-00C04F79EFBC}") = "Contracts", "Contracts\Contracts.csproj", "{FBE4CD30-E704-408F-B1B1-7C0E1DCA8A62}"
EndProject
Global
	GlobalSection(SolutionConfigurationPlatforms) = preSolution
		Debug|Any CPU = Debug|Any CPU
		Release|Any CPU = Release|Any CPU
	EndGlobalSection
	GlobalSection(ProjectConfigurationPlatforms) = postSolution
		{FBCE56B5-C5CC-421C-9057-72FD620CCAE2}.Debug|Any CPU.ActiveCfg = Debug|Any CPU
		{FBCE56B5-C5CC-421C-9057-72FD620CCAE2}.Debug|Any CPU.Build.0 = Debug|Any CPU
		{FBCE56B5-C5CC-421C-9057-72FD620CCAE2}.Release|Any CPU.ActiveCfg = Release|Any CPU
		{FBCE56B5-C5CC-421C-9057-72FD620CCAE2}.Release|Any CPU.Build.0 = Release|Any CPU
		{B93AF31B-EB4D-41C1-94F1-E4BE24D0DE49}.Debug|Any CPU.ActiveCfg = Debug|Any CPU
		{B93AF31B-EB4D-41C1-94F1-E4BE24D0DE49}.Debug|Any CPU.Build.0 = Debug|Any CPU
		{B93AF31B-EB4D-41C1-94F1-E4BE24D0DE49}.Release|Any CPU.ActiveCfg = Release|Any CPU
		{B93AF31B-EB4D-41C1-94F1-E4BE24D0DE49}.Release|Any CPU.Build.0 = Release|Any CPU
		{69714B21-2C01-49E5-B084-F466184E2B3B}.Debug|Any CPU.ActiveCfg = Debug|Any CPU
		{69714B21-2C01-49E5-B084-F466184E2B3B}.Debug|Any CPU.Build.0 = Debug|Any CPU
		{69714B21-2C01-49E5-B084-F466184E2B3B}.Release|Any CPU.ActiveCfg = Release|Any CPU
		{69714B21-2C01-49E5-B084-F466184E2B3B}.Release|Any CPU.Build.0 = Release|Any CPU
		{A8248EAB-11F3-4A9E-A78E-EBF6C2DAFEDA}.Debug|Any CPU.ActiveCfg = Debug|Any CPU
		{A8248EAB-11F3-4A9E-A78E-EBF6C2DAFEDA}.Debug|Any CPU.Build.0 = Debug|Any CPU
		{A8248EAB-11F3-4A9E-A78E-EBF6C2DAFEDA}.Release|Any CPU.ActiveCfg = Release|Any CPU
		{A8248EAB-11F3-4A9E-A78E-EBF6C2DAFEDA}.Release|Any CPU.Build.0 = Release|Any CPU
		{27CEEA83-9697-4033-95FE-A542261AA9FE}.Debug|Any CPU.ActiveCfg = Debug|Any CPU
		{27CEEA83-9697-4033-95FE-A542261AA9FE}.Debug|Any CPU.Build.0 = Debug|Any CPU
		{27CEEA83-9697-4033-95FE-A542261AA9FE}.Release|Any CPU.ActiveCfg = Release|Any CPU
		{27CEEA83-9697-4033-95FE-A542261AA9FE}.Release|Any CPU.Build.0 = Release|Any CPU
		{FBE4CD30-E704-408F-B1B1-7C0E1DCA8A62}.Debug|Any CPU.ActiveCfg = Debug|Any CPU
		{FBE4CD30-E704-408F-B1B1-7C0E1DCA8A62}.Debug|Any CPU.Build.0 = Debug|Any CPU
		{FBE4CD30-E704-408F-B1B1-7C0E1DCA8A62}.Release|Any CPU.ActiveCfg = Release|Any CPU
		{FBE4CD30-E704-408F-B1B1-7C0E1DCA8A62}.Release|Any CPU.Build.0 = Release|Any CPU
	EndGlobalSection
	GlobalSection(SolutionProperties) = preSolution
		HideSolutionNode = FALSE
	EndGlobalSection
	GlobalSection(ExtensibilityGlobals) = postSolution
		SolutionGuid = {D5C4AAD9-5D5B-40D9-B283-41BAC2E683C7}
	EndGlobalSection
EndGlobal
